
Microsoft Visual Studio Solution File, Format Version 12.00
# Visual Studio Version 17
VisualStudioVersion = 17.4.33213.308
MinimumVisualStudioVersion = 10.0.40219.1
Project("{FAE04EC0-301F-11D3-BF4B-00C04F79EFBC}") = "Lab2_Delegate", "Lab2_Delegate\Lab2_Delegate.csproj", "{8E953E8C-AB12-4F0E-AE54-3C0146702761}"
EndProject
Global
	GlobalSection(SolutionConfigurationPlatforms) = preSolution
		Debug|Any CPU = Debug|Any CPU
		Release|Any CPU = Release|Any CPU
	EndGlobalSection
	GlobalSection(ProjectConfigurationPlatforms) = postSolution
		{8E953E8C-AB12-4F0E-AE54-3C0146702761}.Debug|Any CPU.ActiveCfg = Debug|Any CPU
		{8E953E8C-AB12-4F0E-AE54-3C0146702761}.Debug|Any CPU.Build.0 = Debug|Any CPU
		{8E953E8C-AB12-4F0E-AE54-3C0146702761}.Release|Any CPU.ActiveCfg = Release|Any CPU
		{8E953E8C-AB12-4F0E-AE54-3C0146702761}.Release|Any CPU.Build.0 = Release|Any CPU
	EndGlobalSection
	GlobalSection(SolutionProperties) = preSolution
		HideSolutionNode = FALSE
	EndGlobalSection
	GlobalSection(ExtensibilityGlobals) = postSolution
		SolutionGuid = {0A8FCAEC-6A94-43D9-BC1D-F5E2A88526A8}
	EndGlobalSection
EndGlobal
